
Microsoft Visual Studio Solution File, Format Version 12.00
# Visual Studio Version 17
VisualStudioVersion = 17.8.34330.188
MinimumVisualStudioVersion = 10.0.40219.1
Project("{FAE04EC0-301F-11D3-BF4B-00C04F79EFBC}") = "TestMailKit", "TestMailKit.csproj", "{3A20FB7D-F31E-4D3B-B779-C705E4E6D204}"
EndProject
Global
	GlobalSection(SolutionConfigurationPlatforms) = preSolution
		Debug|Any CPU = Debug|Any CPU
		Release|Any CPU = Release|Any CPU
	EndGlobalSection
	GlobalSection(ProjectConfigurationPlatforms) = postSolution
		{3A20FB7D-F31E-4D3B-B779-C705E4E6D204}.Debug|Any CPU.ActiveCfg = Debug|Any CPU
		{3A20FB7D-F31E-4D3B-B779-C705E4E6D204}.Debug|Any CPU.Build.0 = Debug|Any CPU
		{3A20FB7D-F31E-4D3B-B779-C705E4E6D204}.Release|Any CPU.ActiveCfg = Release|Any CPU
		{3A20FB7D-F31E-4D3B-B779-C705E4E6D204}.Release|Any CPU.Build.0 = Release|Any CPU
	EndGlobalSection
	GlobalSection(SolutionProperties) = preSolution
		HideSolutionNode = FALSE
	EndGlobalSection
	GlobalSection(ExtensibilityGlobals) = postSolution
		SolutionGuid = {FF71863C-4E66-49D4-9967-90A364ED468D}
	EndGlobalSection
EndGlobal
